// !$*UTF8*$!
{
	archiveVersion = 1;
	classes = {
	};
	objectVersion = 50;
	objects = {

/* Begin PBXBuildFile section */
		6821ADAC229D6E5500C9D115 /* FMDatabase.m in Sources */ = {isa = PBXBuildFile; fileRef = 6821ADAB229D6E5500C9D115 /* FMDatabase.m */; };
		6821ADBB229D6E9400C9D115 /* FMDatabasePool.m in Sources */ = {isa = PBXBuildFile; fileRef = 6821ADB0229D6E9300C9D115 /* FMDatabasePool.m */; };
		6821ADBC229D6E9400C9D115 /* FMDatabaseQueue.m in Sources */ = {isa = PBXBuildFile; fileRef = 6821ADB3229D6E9400C9D115 /* FMDatabaseQueue.m */; };
		6821ADBD229D6E9400C9D115 /* FMResultSet.m in Sources */ = {isa = PBXBuildFile; fileRef = 6821ADB4229D6E9400C9D115 /* FMResultSet.m */; };
		6821ADBE229D6E9400C9D115 /* FMDatabaseAdditions.m in Sources */ = {isa = PBXBuildFile; fileRef = 6821ADB6229D6E9400C9D115 /* FMDatabaseAdditions.m */; };
		68565C17229C2303000C481C /* AppDelegate.swift in Sources */ = {isa = PBXBuildFile; fileRef = 68565C16229C2303000C481C /* AppDelegate.swift */; };
		68565C19229C2303000C481C /* SampleViewController.swift in Sources */ = {isa = PBXBuildFile; fileRef = 68565C18229C2303000C481C /* SampleViewController.swift */; };
		68565C1C229C2303000C481C /* Main.storyboard in Resources */ = {isa = PBXBuildFile; fileRef = 68565C1A229C2303000C481C /* Main.storyboard */; };
		68565C1E229C2306000C481C /* Assets.xcassets in Resources */ = {isa = PBXBuildFile; fileRef = 68565C1D229C2306000C481C /* Assets.xcassets */; };
		68565C21229C2306000C481C /* LaunchScreen.storyboard in Resources */ = {isa = PBXBuildFile; fileRef = 68565C1F229C2306000C481C /* LaunchScreen.storyboard */; };
		68FCFD59229EBC8500284353 /* DatabaseMng.swift in Sources */ = {isa = PBXBuildFile; fileRef = 68FCFD58229EBC8500284353 /* DatabaseMng.swift */; };
		C590C5473CD9C47E87CF3C8A /* Pods_Template.framework in Frameworks */ = {isa = PBXBuildFile; fileRef = 6CD59A06FAF5BA2E69567589 /* Pods_Template.framework */; };
		D26B5AD7229CD3D50063BD18 /* AbstractViewController.swift in Sources */ = {isa = PBXBuildFile; fileRef = D26B5AD6229CD3D50063BD18 /* AbstractViewController.swift */; };
		D26B5AD9229CD4900063BD18 /* AbstractTableViewController.swift in Sources */ = {isa = PBXBuildFile; fileRef = D26B5AD8229CD4900063BD18 /* AbstractTableViewController.swift */; };
		D26B5ADE229CD5820063BD18 /* IAPMng.swift in Sources */ = {isa = PBXBuildFile; fileRef = D26B5ADD229CD5820063BD18 /* IAPMng.swift */; };
		D26B5AEA229CD6310063BD18 /* APIMng.swift in Sources */ = {isa = PBXBuildFile; fileRef = D26B5AE9229CD6310063BD18 /* APIMng.swift */; };
		D26B5AEE229CD6640063BD18 /* PreferenceMng.swift in Sources */ = {isa = PBXBuildFile; fileRef = D26B5AED229CD6640063BD18 /* PreferenceMng.swift */; };
		D26B5AF0229CD6810063BD18 /* DBMng.swift in Sources */ = {isa = PBXBuildFile; fileRef = D26B5AEF229CD6810063BD18 /* DBMng.swift */; };
		D26B5AF3229CD6C10063BD18 /* UIColor+Ex.swift in Sources */ = {isa = PBXBuildFile; fileRef = D26B5AF2229CD6C10063BD18 /* UIColor+Ex.swift */; };
		D26B5AF5229CD7020063BD18 /* PopupUtils.swift in Sources */ = {isa = PBXBuildFile; fileRef = D26B5AF4229CD7020063BD18 /* PopupUtils.swift */; };
		D26B5AFA229CD87B0063BD18 /* Const.swift in Sources */ = {isa = PBXBuildFile; fileRef = D26B5AF9229CD87B0063BD18 /* Const.swift */; };
		D26B5AFC229CD9E50063BD18 /* SampleTableViewController.swift in Sources */ = {isa = PBXBuildFile; fileRef = D26B5AFB229CD9E50063BD18 /* SampleTableViewController.swift */; };
		D26B5AFE229CDA5F0063BD18 /* SampleDetailViewController.swift in Sources */ = {isa = PBXBuildFile; fileRef = D26B5AFD229CDA5F0063BD18 /* SampleDetailViewController.swift */; };
		D26B5B01229CDBE40063BD18 /* SampleModel.swift in Sources */ = {isa = PBXBuildFile; fileRef = D26B5B00229CDBE40063BD18 /* SampleModel.swift */; };
		D26B5B03229CE39C0063BD18 /* String+Ex.swift in Sources */ = {isa = PBXBuildFile; fileRef = D26B5B02229CE39C0063BD18 /* String+Ex.swift */; };
		D26B5B07229CE4E50063BD18 /* UIApplication+Ex.swift in Sources */ = {isa = PBXBuildFile; fileRef = D26B5B06229CE4E50063BD18 /* UIApplication+Ex.swift */; };
		D26B5B0B229CE8160063BD18 /* Macros.swift in Sources */ = {isa = PBXBuildFile; fileRef = D26B5B0A229CE8160063BD18 /* Macros.swift */; };
		D26B5B0E229CE8720063BD18 /* Localizable.strings in Resources */ = {isa = PBXBuildFile; fileRef = D26B5B10229CE8720063BD18 /* Localizable.strings */; };
		D2ABDB5D229E5FDF00E71A17 /* APIBase.swift in Sources */ = {isa = PBXBuildFile; fileRef = D2ABDB5C229E5FDF00E71A17 /* APIBase.swift */; };
/* End PBXBuildFile section */

/* Begin PBXFileReference section */
		6821ADA7229D6E0400C9D115 /* SQLite.framework */ = {isa = PBXFileReference; explicitFileType = wrapper.framework; path = SQLite.framework; sourceTree = BUILT_PRODUCTS_DIR; };
		6821ADA9229D6E5400C9D115 /* FMDB-Bridging-Header.h */ = {isa = PBXFileReference; lastKnownFileType = sourcecode.c.h; path = "FMDB-Bridging-Header.h"; sourceTree = "<group>"; };
		6821ADAA229D6E5500C9D115 /* FMDatabase.h */ = {isa = PBXFileReference; fileEncoding = 4; lastKnownFileType = sourcecode.c.h; path = FMDatabase.h; sourceTree = "<group>"; };
		6821ADAB229D6E5500C9D115 /* FMDatabase.m */ = {isa = PBXFileReference; fileEncoding = 4; lastKnownFileType = sourcecode.c.objc; path = FMDatabase.m; sourceTree = "<group>"; };
		6821ADAF229D6E9300C9D115 /* FMDB.h */ = {isa = PBXFileReference; fileEncoding = 4; lastKnownFileType = sourcecode.c.h; path = FMDB.h; sourceTree = "<group>"; };
		6821ADB0229D6E9300C9D115 /* FMDatabasePool.m */ = {isa = PBXFileReference; fileEncoding = 4; lastKnownFileType = sourcecode.c.objc; path = FMDatabasePool.m; sourceTree = "<group>"; };
		6821ADB1229D6E9400C9D115 /* FMDatabaseAdditions.h */ = {isa = PBXFileReference; fileEncoding = 4; lastKnownFileType = sourcecode.c.h; path = FMDatabaseAdditions.h; sourceTree = "<group>"; };
		6821ADB3229D6E9400C9D115 /* FMDatabaseQueue.m */ = {isa = PBXFileReference; fileEncoding = 4; lastKnownFileType = sourcecode.c.objc; path = FMDatabaseQueue.m; sourceTree = "<group>"; };
		6821ADB4229D6E9400C9D115 /* FMResultSet.m */ = {isa = PBXFileReference; fileEncoding = 4; lastKnownFileType = sourcecode.c.objc; path = FMResultSet.m; sourceTree = "<group>"; };
		6821ADB5229D6E9400C9D115 /* FMDatabasePool.h */ = {isa = PBXFileReference; fileEncoding = 4; lastKnownFileType = sourcecode.c.h; path = FMDatabasePool.h; sourceTree = "<group>"; };
		6821ADB6229D6E9400C9D115 /* FMDatabaseAdditions.m */ = {isa = PBXFileReference; fileEncoding = 4; lastKnownFileType = sourcecode.c.objc; path = FMDatabaseAdditions.m; sourceTree = "<group>"; };
		6821ADB7229D6E9400C9D115 /* FMDatabaseQueue.h */ = {isa = PBXFileReference; fileEncoding = 4; lastKnownFileType = sourcecode.c.h; path = FMDatabaseQueue.h; sourceTree = "<group>"; };
		6821ADB9229D6E9400C9D115 /* FMResultSet.h */ = {isa = PBXFileReference; fileEncoding = 4; lastKnownFileType = sourcecode.c.h; path = FMResultSet.h; sourceTree = "<group>"; };
		68565C13229C2303000C481C /* Template.app */ = {isa = PBXFileReference; explicitFileType = wrapper.application; includeInIndex = 0; path = Template.app; sourceTree = BUILT_PRODUCTS_DIR; };
		68565C16229C2303000C481C /* AppDelegate.swift */ = {isa = PBXFileReference; lastKnownFileType = sourcecode.swift; path = AppDelegate.swift; sourceTree = "<group>"; };
		68565C18229C2303000C481C /* SampleViewController.swift */ = {isa = PBXFileReference; lastKnownFileType = sourcecode.swift; path = SampleViewController.swift; sourceTree = "<group>"; };
		68565C1B229C2303000C481C /* Base */ = {isa = PBXFileReference; lastKnownFileType = file.storyboard; name = Base; path = Base.lproj/Main.storyboard; sourceTree = "<group>"; };
		68565C1D229C2306000C481C /* Assets.xcassets */ = {isa = PBXFileReference; lastKnownFileType = folder.assetcatalog; path = Assets.xcassets; sourceTree = "<group>"; };
		68565C20229C2306000C481C /* Base */ = {isa = PBXFileReference; lastKnownFileType = file.storyboard; name = Base; path = Base.lproj/LaunchScreen.storyboard; sourceTree = "<group>"; };
		68565C22229C2306000C481C /* Info.plist */ = {isa = PBXFileReference; lastKnownFileType = text.plist.xml; path = Info.plist; sourceTree = "<group>"; };
		68FCFD58229EBC8500284353 /* DatabaseMng.swift */ = {isa = PBXFileReference; lastKnownFileType = sourcecode.swift; path = DatabaseMng.swift; sourceTree = "<group>"; };
		6CD59A06FAF5BA2E69567589 /* Pods_Template.framework */ = {isa = PBXFileReference; explicitFileType = wrapper.framework; includeInIndex = 0; path = Pods_Template.framework; sourceTree = BUILT_PRODUCTS_DIR; };
		D26B5AD6229CD3D50063BD18 /* AbstractViewController.swift */ = {isa = PBXFileReference; lastKnownFileType = sourcecode.swift; path = AbstractViewController.swift; sourceTree = "<group>"; };
		D26B5AD8229CD4900063BD18 /* AbstractTableViewController.swift */ = {isa = PBXFileReference; lastKnownFileType = sourcecode.swift; path = AbstractTableViewController.swift; sourceTree = "<group>"; };
		D26B5ADD229CD5820063BD18 /* IAPMng.swift */ = {isa = PBXFileReference; lastKnownFileType = sourcecode.swift; path = IAPMng.swift; sourceTree = "<group>"; };
		D26B5AE9229CD6310063BD18 /* APIMng.swift */ = {isa = PBXFileReference; lastKnownFileType = sourcecode.swift; path = APIMng.swift; sourceTree = "<group>"; };
		D26B5AED229CD6640063BD18 /* PreferenceMng.swift */ = {isa = PBXFileReference; lastKnownFileType = sourcecode.swift; path = PreferenceMng.swift; sourceTree = "<group>"; };
		D26B5AEF229CD6810063BD18 /* DBMng.swift */ = {isa = PBXFileReference; lastKnownFileType = sourcecode.swift; path = DBMng.swift; sourceTree = "<group>"; };
		D26B5AF2229CD6C10063BD18 /* UIColor+Ex.swift */ = {isa = PBXFileReference; lastKnownFileType = sourcecode.swift; path = "UIColor+Ex.swift"; sourceTree = "<group>"; };
		D26B5AF4229CD7020063BD18 /* PopupUtils.swift */ = {isa = PBXFileReference; lastKnownFileType = sourcecode.swift; path = PopupUtils.swift; sourceTree = "<group>"; };
		D26B5AF9229CD87B0063BD18 /* Const.swift */ = {isa = PBXFileReference; lastKnownFileType = sourcecode.swift; path = Const.swift; sourceTree = "<group>"; };
		D26B5AFB229CD9E50063BD18 /* SampleTableViewController.swift */ = {isa = PBXFileReference; lastKnownFileType = sourcecode.swift; path = SampleTableViewController.swift; sourceTree = "<group>"; };
		D26B5AFD229CDA5F0063BD18 /* SampleDetailViewController.swift */ = {isa = PBXFileReference; lastKnownFileType = sourcecode.swift; path = SampleDetailViewController.swift; sourceTree = "<group>"; };
		D26B5B00229CDBE40063BD18 /* SampleModel.swift */ = {isa = PBXFileReference; lastKnownFileType = sourcecode.swift; path = SampleModel.swift; sourceTree = "<group>"; };
		D26B5B02229CE39C0063BD18 /* String+Ex.swift */ = {isa = PBXFileReference; lastKnownFileType = sourcecode.swift; path = "String+Ex.swift"; sourceTree = "<group>"; };
		D26B5B06229CE4E50063BD18 /* UIApplication+Ex.swift */ = {isa = PBXFileReference; lastKnownFileType = sourcecode.swift; path = "UIApplication+Ex.swift"; sourceTree = "<group>"; };
		D26B5B0A229CE8160063BD18 /* Macros.swift */ = {isa = PBXFileReference; fileEncoding = 4; lastKnownFileType = sourcecode.swift; path = Macros.swift; sourceTree = "<group>"; };
		D26B5B0F229CE8720063BD18 /* en */ = {isa = PBXFileReference; lastKnownFileType = text.plist.strings; name = en; path = en.lproj/Localizable.strings; sourceTree = "<group>"; };
		D26B5B11229CE8B30063BD18 /* ja */ = {isa = PBXFileReference; lastKnownFileType = text.plist.strings; name = ja; path = ja.lproj/Main.strings; sourceTree = "<group>"; };
		D26B5B12229CE8B30063BD18 /* ja */ = {isa = PBXFileReference; lastKnownFileType = text.plist.strings; name = ja; path = ja.lproj/Localizable.strings; sourceTree = "<group>"; };
		D2ABDB5C229E5FDF00E71A17 /* APIBase.swift */ = {isa = PBXFileReference; lastKnownFileType = sourcecode.swift; path = APIBase.swift; sourceTree = "<group>"; };
		D7CEA4A25C438FC18D87474C /* Pods-Template.debug.xcconfig */ = {isa = PBXFileReference; includeInIndex = 1; lastKnownFileType = text.xcconfig; name = "Pods-Template.debug.xcconfig"; path = "Pods/Target Support Files/Pods-Template/Pods-Template.debug.xcconfig"; sourceTree = "<group>"; };
		ECA600BAE326E4C295C2980F /* Pods-Template.release.xcconfig */ = {isa = PBXFileReference; includeInIndex = 1; lastKnownFileType = text.xcconfig; name = "Pods-Template.release.xcconfig"; path = "Pods/Target Support Files/Pods-Template/Pods-Template.release.xcconfig"; sourceTree = "<group>"; };
/* End PBXFileReference section */

/* Begin PBXFrameworksBuildPhase section */
		68565C10229C2303000C481C /* Frameworks */ = {
			isa = PBXFrameworksBuildPhase;
			buildActionMask = 2147483647;
			files = (
				C590C5473CD9C47E87CF3C8A /* Pods_Template.framework in Frameworks */,
			);
			runOnlyForDeploymentPostprocessing = 0;
		};
/* End PBXFrameworksBuildPhase section */

/* Begin PBXGroup section */
		1BC1DA06DC945548868FB414 /* Pods */ = {
			isa = PBXGroup;
			children = (
				D7CEA4A25C438FC18D87474C /* Pods-Template.debug.xcconfig */,
				ECA600BAE326E4C295C2980F /* Pods-Template.release.xcconfig */,
			);
			name = Pods;
			sourceTree = "<group>";
		};
		6821ADAD229D6E5B00C9D115 /* FMDB */ = {
			isa = PBXGroup;
			children = (
				6821ADAA229D6E5500C9D115 /* FMDatabase.h */,
				6821ADAB229D6E5500C9D115 /* FMDatabase.m */,
				6821ADB1229D6E9400C9D115 /* FMDatabaseAdditions.h */,
				6821ADB6229D6E9400C9D115 /* FMDatabaseAdditions.m */,
				6821ADB5229D6E9400C9D115 /* FMDatabasePool.h */,
				6821ADB0229D6E9300C9D115 /* FMDatabasePool.m */,
				6821ADB7229D6E9400C9D115 /* FMDatabaseQueue.h */,
				6821ADB3229D6E9400C9D115 /* FMDatabaseQueue.m */,
				6821ADAF229D6E9300C9D115 /* FMDB.h */,
				6821ADB9229D6E9400C9D115 /* FMResultSet.h */,
				6821ADB4229D6E9400C9D115 /* FMResultSet.m */,
				6821ADA9229D6E5400C9D115 /* FMDB-Bridging-Header.h */,
			);
			path = FMDB;
			sourceTree = "<group>";
		};
		68565C0A229C2303000C481C = {
			isa = PBXGroup;
			children = (
				68565C15229C2303000C481C /* Template */,
				68565C14229C2303000C481C /* Products */,
				1BC1DA06DC945548868FB414 /* Pods */,
				D09E8CAC9AE471374A942F59 /* Frameworks */,
			);
			sourceTree = "<group>";
		};
		68565C14229C2303000C481C /* Products */ = {
			isa = PBXGroup;
			children = (
				68565C13229C2303000C481C /* Template.app */,
			);
			name = Products;
			sourceTree = "<group>";
		};
		68565C15229C2303000C481C /* Template */ = {
			isa = PBXGroup;
			children = (
				D26B5AFF229CDBCF0063BD18 /* Models */,
				68565C2D229C2732000C481C /* Common */,
				68565C2A229C270A000C481C /* UI */,
				68565C28229C26BD000C481C /* Supporting Files */,
				68565C16229C2303000C481C /* AppDelegate.swift */,
				68565C1D229C2306000C481C /* Assets.xcassets */,
			);
			path = Template;
			sourceTree = "<group>";
		};
		68565C28229C26BD000C481C /* Supporting Files */ = {
			isa = PBXGroup;
			children = (
				68565C22229C2306000C481C /* Info.plist */,
				68565C29229C26E0000C481C /* Storyboards */,
				D26B5B10229CE8720063BD18 /* Localizable.strings */,
			);
			path = "Supporting Files";
			sourceTree = "<group>";
		};
		68565C29229C26E0000C481C /* Storyboards */ = {
			isa = PBXGroup;
			children = (
				68565C1A229C2303000C481C /* Main.storyboard */,
				68565C1F229C2306000C481C /* LaunchScreen.storyboard */,
			);
			path = Storyboards;
			sourceTree = "<group>";
		};
		68565C2A229C270A000C481C /* UI */ = {
			isa = PBXGroup;
			children = (
				68565C2E229C27A9000C481C /* Common */,
				68565C2B229C2713000C481C /* Sample */,
			);
			path = UI;
			sourceTree = "<group>";
		};
		68565C2B229C2713000C481C /* Sample */ = {
			isa = PBXGroup;
			children = (
				68565C18229C2303000C481C /* SampleViewController.swift */,
				D26B5AFB229CD9E50063BD18 /* SampleTableViewController.swift */,
				D26B5AFD229CDA5F0063BD18 /* SampleDetailViewController.swift */,
			);
			path = Sample;
			sourceTree = "<group>";
		};
		68565C2D229C2732000C481C /* Common */ = {
			isa = PBXGroup;
			children = (
				D26B5AF1229CD6AE0063BD18 /* Extension */,
				D26B5AE8229CD61D0063BD18 /* Remote */,
				D26B5AE4229CD5EF0063BD18 /* Local */,
				D26B5AE1229CD5DE0063BD18 /* Utils */,
				D26B5ADA229CD4CD0063BD18 /* Payment */,
				D26B5AF9229CD87B0063BD18 /* Const.swift */,
			);
			path = Common;
			sourceTree = "<group>";
		};
		68565C2E229C27A9000C481C /* Common */ = {
			isa = PBXGroup;
			children = (
				D26B5AD5229CD3C70063BD18 /* Abstract */,
			);
			path = Common;
			sourceTree = "<group>";
		};
		D09E8CAC9AE471374A942F59 /* Frameworks */ = {
			isa = PBXGroup;
			children = (
				6821ADA7229D6E0400C9D115 /* SQLite.framework */,
				6CD59A06FAF5BA2E69567589 /* Pods_Template.framework */,
			);
			name = Frameworks;
			sourceTree = "<group>";
		};
		D26B5AD5229CD3C70063BD18 /* Abstract */ = {
			isa = PBXGroup;
			children = (
				D26B5AD6229CD3D50063BD18 /* AbstractViewController.swift */,
				D26B5AD8229CD4900063BD18 /* AbstractTableViewController.swift */,
			);
			path = Abstract;
			sourceTree = "<group>";
		};
		D26B5ADA229CD4CD0063BD18 /* Payment */ = {
			isa = PBXGroup;
			children = (
				D26B5ADD229CD5820063BD18 /* IAPMng.swift */,
			);
			path = Payment;
			sourceTree = "<group>";
		};
		D26B5AE1229CD5DE0063BD18 /* Utils */ = {
			isa = PBXGroup;
			children = (
				D26B5B0A229CE8160063BD18 /* Macros.swift */,
				D26B5AF4229CD7020063BD18 /* PopupUtils.swift */,
			);
			path = Utils;
			sourceTree = "<group>";
		};
		D26B5AE4229CD5EF0063BD18 /* Local */ = {
			isa = PBXGroup;
			children = (
				6821ADAD229D6E5B00C9D115 /* FMDB */,
				D26B5AED229CD6640063BD18 /* PreferenceMng.swift */,
				D26B5AEF229CD6810063BD18 /* DBMng.swift */,
				68FCFD58229EBC8500284353 /* DatabaseMng.swift */,
			);
			path = Local;
			sourceTree = "<group>";
		};
		D26B5AE8229CD61D0063BD18 /* Remote */ = {
			isa = PBXGroup;
			children = (
				D26B5AE9229CD6310063BD18 /* APIMng.swift */,
				D2ABDB5C229E5FDF00E71A17 /* APIBase.swift */,
			);
			path = Remote;
			sourceTree = "<group>";
		};
		D26B5AF1229CD6AE0063BD18 /* Extension */ = {
			isa = PBXGroup;
			children = (
				D26B5AF2229CD6C10063BD18 /* UIColor+Ex.swift */,
				D26B5B02229CE39C0063BD18 /* String+Ex.swift */,
				D26B5B06229CE4E50063BD18 /* UIApplication+Ex.swift */,
			);
			path = Extension;
			sourceTree = "<group>";
		};
		D26B5AFF229CDBCF0063BD18 /* Models */ = {
			isa = PBXGroup;
			children = (
				D26B5B00229CDBE40063BD18 /* SampleModel.swift */,
			);
			path = Models;
			sourceTree = "<group>";
		};
/* End PBXGroup section */

/* Begin PBXNativeTarget section */
		68565C12229C2303000C481C /* Template */ = {
			isa = PBXNativeTarget;
			buildConfigurationList = 68565C25229C2306000C481C /* Build configuration list for PBXNativeTarget "Template" */;
			buildPhases = (
				3C0FA4207010A21734E7555B /* [CP] Check Pods Manifest.lock */,
				68565C0F229C2303000C481C /* Sources */,
				68565C10229C2303000C481C /* Frameworks */,
				68565C11229C2303000C481C /* Resources */,
				95ECBC02303E229A270BCC16 /* [CP] Embed Pods Frameworks */,
			);
			buildRules = (
			);
			dependencies = (
			);
			name = Template;
			productName = Template;
			productReference = 68565C13229C2303000C481C /* Template.app */;
			productType = "com.apple.product-type.application";
		};
/* End PBXNativeTarget section */

/* Begin PBXProject section */
		68565C0B229C2303000C481C /* Project object */ = {
			isa = PBXProject;
			attributes = {
				LastSwiftUpdateCheck = 1020;
				LastUpgradeCheck = 1020;
				ORGANIZATIONNAME = "Active User Co.,LTD";
				TargetAttributes = {
					68565C12229C2303000C481C = {
						CreatedOnToolsVersion = 10.2.1;
						LastSwiftMigration = 1020;
					};
				};
			};
			buildConfigurationList = 68565C0E229C2303000C481C /* Build configuration list for PBXProject "Template" */;
			compatibilityVersion = "Xcode 9.3";
			developmentRegion = en;
			hasScannedForEncodings = 0;
			knownRegions = (
				en,
				Base,
				ja,
			);
			mainGroup = 68565C0A229C2303000C481C;
			productRefGroup = 68565C14229C2303000C481C /* Products */;
			projectDirPath = "";
			projectRoot = "";
			targets = (
				68565C12229C2303000C481C /* Template */,
			);
		};
/* End PBXProject section */

/* Begin PBXResourcesBuildPhase section */
		68565C11229C2303000C481C /* Resources */ = {
			isa = PBXResourcesBuildPhase;
			buildActionMask = 2147483647;
			files = (
				D26B5B0E229CE8720063BD18 /* Localizable.strings in Resources */,
				68565C21229C2306000C481C /* LaunchScreen.storyboard in Resources */,
				68565C1E229C2306000C481C /* Assets.xcassets in Resources */,
				68565C1C229C2303000C481C /* Main.storyboard in Resources */,
			);
			runOnlyForDeploymentPostprocessing = 0;
		};
/* End PBXResourcesBuildPhase section */

/* Begin PBXShellScriptBuildPhase section */
		3C0FA4207010A21734E7555B /* [CP] Check Pods Manifest.lock */ = {
			isa = PBXShellScriptBuildPhase;
			buildActionMask = 2147483647;
			files = (
			);
			inputFileListPaths = (
			);
			inputPaths = (
				"${PODS_PODFILE_DIR_PATH}/Podfile.lock",
				"${PODS_ROOT}/Manifest.lock",
			);
			name = "[CP] Check Pods Manifest.lock";
			outputFileListPaths = (
			);
			outputPaths = (
				"$(DERIVED_FILE_DIR)/Pods-Template-checkManifestLockResult.txt",
			);
			runOnlyForDeploymentPostprocessing = 0;
			shellPath = /bin/sh;
			shellScript = "diff \"${PODS_PODFILE_DIR_PATH}/Podfile.lock\" \"${PODS_ROOT}/Manifest.lock\" > /dev/null\nif [ $? != 0 ] ; then\n    # print error to STDERR\n    echo \"error: The sandbox is not in sync with the Podfile.lock. Run 'pod install' or update your CocoaPods installation.\" >&2\n    exit 1\nfi\n# This output is used by Xcode 'outputs' to avoid re-running this script phase.\necho \"SUCCESS\" > \"${SCRIPT_OUTPUT_FILE_0}\"\n";
			showEnvVarsInLog = 0;
		};
		95ECBC02303E229A270BCC16 /* [CP] Embed Pods Frameworks */ = {
			isa = PBXShellScriptBuildPhase;
			buildActionMask = 2147483647;
			files = (
			);
			inputFileListPaths = (
			);
			inputPaths = (
				"${SRCROOT}/Pods/Target Support Files/Pods-Template/Pods-Template-frameworks.sh",
				"${BUILT_PRODUCTS_DIR}/Alamofire/Alamofire.framework",
				"${BUILT_PRODUCTS_DIR}/AlamofireImage/AlamofireImage.framework",
				"${BUILT_PRODUCTS_DIR}/GRDB.swift/GRDB.framework",
				"${BUILT_PRODUCTS_DIR}/PKHUD/PKHUD.framework",
				"${BUILT_PRODUCTS_DIR}/SnapKit/SnapKit.framework",
				"${BUILT_PRODUCTS_DIR}/SwiftyJSON/SwiftyJSON.framework",
				"${BUILT_PRODUCTS_DIR}/SwiftyStoreKit/SwiftyStoreKit.framework",
			);
			name = "[CP] Embed Pods Frameworks";
			outputFileListPaths = (
			);
			outputPaths = (
				"${TARGET_BUILD_DIR}/${FRAMEWORKS_FOLDER_PATH}/Alamofire.framework",
				"${TARGET_BUILD_DIR}/${FRAMEWORKS_FOLDER_PATH}/AlamofireImage.framework",
				"${TARGET_BUILD_DIR}/${FRAMEWORKS_FOLDER_PATH}/GRDB.framework",
				"${TARGET_BUILD_DIR}/${FRAMEWORKS_FOLDER_PATH}/PKHUD.framework",
				"${TARGET_BUILD_DIR}/${FRAMEWORKS_FOLDER_PATH}/SnapKit.framework",
				"${TARGET_BUILD_DIR}/${FRAMEWORKS_FOLDER_PATH}/SwiftyJSON.framework",
				"${TARGET_BUILD_DIR}/${FRAMEWORKS_FOLDER_PATH}/SwiftyStoreKit.framework",
			);
			runOnlyForDeploymentPostprocessing = 0;
			shellPath = /bin/sh;
			shellScript = "\"${SRCROOT}/Pods/Target Support Files/Pods-Template/Pods-Template-frameworks.sh\"\n";
			showEnvVarsInLog = 0;
		};
/* End PBXShellScriptBuildPhase section */

/* Begin PBXSourcesBuildPhase section */
		68565C0F229C2303000C481C /* Sources */ = {
			isa = PBXSourcesBuildPhase;
			buildActionMask = 2147483647;
			files = (
				D2ABDB5D229E5FDF00E71A17 /* APIBase.swift in Sources */,
				68565C19229C2303000C481C /* SampleViewController.swift in Sources */,
				6821ADAC229D6E5500C9D115 /* FMDatabase.m in Sources */,
				68FCFD59229EBC8500284353 /* DatabaseMng.swift in Sources */,
				D26B5AFE229CDA5F0063BD18 /* SampleDetailViewController.swift in Sources */,
				D26B5AD9229CD4900063BD18 /* AbstractTableViewController.swift in Sources */,
				D26B5AF3229CD6C10063BD18 /* UIColor+Ex.swift in Sources */,
				D26B5AEA229CD6310063BD18 /* APIMng.swift in Sources */,
				D26B5ADE229CD5820063BD18 /* IAPMng.swift in Sources */,
				D26B5AFC229CD9E50063BD18 /* SampleTableViewController.swift in Sources */,
				6821ADBD229D6E9400C9D115 /* FMResultSet.m in Sources */,
				D26B5AF0229CD6810063BD18 /* DBMng.swift in Sources */,
				6821ADBE229D6E9400C9D115 /* FMDatabaseAdditions.m in Sources */,
				D26B5AEE229CD6640063BD18 /* PreferenceMng.swift in Sources */,
				D26B5AD7229CD3D50063BD18 /* AbstractViewController.swift in Sources */,
				D26B5B03229CE39C0063BD18 /* String+Ex.swift in Sources */,
				D26B5B0B229CE8160063BD18 /* Macros.swift in Sources */,
				68565C17229C2303000C481C /* AppDelegate.swift in Sources */,
				D26B5AF5229CD7020063BD18 /* PopupUtils.swift in Sources */,
				D26B5B07229CE4E50063BD18 /* UIApplication+Ex.swift in Sources */,
				6821ADBC229D6E9400C9D115 /* FMDatabaseQueue.m in Sources */,
				6821ADBB229D6E9400C9D115 /* FMDatabasePool.m in Sources */,
				D26B5AFA229CD87B0063BD18 /* Const.swift in Sources */,
				D26B5B01229CDBE40063BD18 /* SampleModel.swift in Sources */,
			);
			runOnlyForDeploymentPostprocessing = 0;
		};
/* End PBXSourcesBuildPhase section */

/* Begin PBXVariantGroup section */
		68565C1A229C2303000C481C /* Main.storyboard */ = {
			isa = PBXVariantGroup;
			children = (
				68565C1B229C2303000C481C /* Base */,
				D26B5B11229CE8B30063BD18 /* ja */,
			);
			name = Main.storyboard;
			sourceTree = "<group>";
		};
		68565C1F229C2306000C481C /* LaunchScreen.storyboard */ = {
			isa = PBXVariantGroup;
			children = (
				68565C20229C2306000C481C /* Base */,
			);
			name = LaunchScreen.storyboard;
			sourceTree = "<group>";
		};
		D26B5B10229CE8720063BD18 /* Localizable.strings */ = {
			isa = PBXVariantGroup;
			children = (
				D26B5B0F229CE8720063BD18 /* en */,
				D26B5B12229CE8B30063BD18 /* ja */,
			);
			name = Localizable.strings;
			sourceTree = "<group>";
		};
/* End PBXVariantGroup section */

/* Begin XCBuildConfiguration section */
		68565C23229C2306000C481C /* Debug */ = {
			isa = XCBuildConfiguration;
			buildSettings = {
				ALWAYS_SEARCH_USER_PATHS = NO;
				CLANG_ANALYZER_LOCALIZABILITY_NONLOCALIZED = YES;
				CLANG_ANALYZER_NONNULL = YES;
				CLANG_ANALYZER_NUMBER_OBJECT_CONVERSION = YES_AGGRESSIVE;
				CLANG_CXX_LANGUAGE_STANDARD = "gnu++14";
				CLANG_CXX_LIBRARY = "libc++";
				CLANG_ENABLE_MODULES = YES;
				CLANG_ENABLE_OBJC_ARC = YES;
				CLANG_ENABLE_OBJC_WEAK = YES;
				CLANG_WARN_BLOCK_CAPTURE_AUTORELEASING = YES;
				CLANG_WARN_BOOL_CONVERSION = YES;
				CLANG_WARN_COMMA = YES;
				CLANG_WARN_CONSTANT_CONVERSION = YES;
				CLANG_WARN_DEPRECATED_OBJC_IMPLEMENTATIONS = YES;
				CLANG_WARN_DIRECT_OBJC_ISA_USAGE = YES_ERROR;
				CLANG_WARN_DOCUMENTATION_COMMENTS = YES;
				CLANG_WARN_EMPTY_BODY = YES;
				CLANG_WARN_ENUM_CONVERSION = YES;
				CLANG_WARN_INFINITE_RECURSION = YES;
				CLANG_WARN_INT_CONVERSION = YES;
				CLANG_WARN_NON_LITERAL_NULL_CONVERSION = YES;
				CLANG_WARN_OBJC_IMPLICIT_RETAIN_SELF = YES;
				CLANG_WARN_OBJC_LITERAL_CONVERSION = YES;
				CLANG_WARN_OBJC_ROOT_CLASS = YES_ERROR;
				CLANG_WARN_RANGE_LOOP_ANALYSIS = YES;
				CLANG_WARN_STRICT_PROTOTYPES = YES;
				CLANG_WARN_SUSPICIOUS_MOVE = YES;
				CLANG_WARN_UNGUARDED_AVAILABILITY = YES_AGGRESSIVE;
				CLANG_WARN_UNREACHABLE_CODE = YES;
				CLANG_WARN__DUPLICATE_METHOD_MATCH = YES;
				CODE_SIGN_IDENTITY = "iPhone Developer";
				COPY_PHASE_STRIP = NO;
				DEBUG_INFORMATION_FORMAT = dwarf;
				ENABLE_STRICT_OBJC_MSGSEND = YES;
				ENABLE_TESTABILITY = YES;
				GCC_C_LANGUAGE_STANDARD = gnu11;
				GCC_DYNAMIC_NO_PIC = NO;
				GCC_NO_COMMON_BLOCKS = YES;
				GCC_OPTIMIZATION_LEVEL = 0;
				GCC_PREPROCESSOR_DEFINITIONS = (
					"DEBUG=1",
					"$(inherited)",
				);
				GCC_WARN_64_TO_32_BIT_CONVERSION = YES;
				GCC_WARN_ABOUT_RETURN_TYPE = YES_ERROR;
				GCC_WARN_UNDECLARED_SELECTOR = YES;
				GCC_WARN_UNINITIALIZED_AUTOS = YES_AGGRESSIVE;
				GCC_WARN_UNUSED_FUNCTION = YES;
				GCC_WARN_UNUSED_VARIABLE = YES;
				IPHONEOS_DEPLOYMENT_TARGET = 12.2;
				MTL_ENABLE_DEBUG_INFO = INCLUDE_SOURCE;
				MTL_FAST_MATH = YES;
				ONLY_ACTIVE_ARCH = YES;
				SDKROOT = iphoneos;
				SWIFT_ACTIVE_COMPILATION_CONDITIONS = DEBUG;
				SWIFT_OPTIMIZATION_LEVEL = "-Onone";
			};
			name = Debug;
		};
		68565C24229C2306000C481C /* Release */ = {
			isa = XCBuildConfiguration;
			buildSettings = {
				ALWAYS_SEARCH_USER_PATHS = NO;
				CLANG_ANALYZER_LOCALIZABILITY_NONLOCALIZED = YES;
				CLANG_ANALYZER_NONNULL = YES;
				CLANG_ANALYZER_NUMBER_OBJECT_CONVERSION = YES_AGGRESSIVE;
				CLANG_CXX_LANGUAGE_STANDARD = "gnu++14";
				CLANG_CXX_LIBRARY = "libc++";
				CLANG_ENABLE_MODULES = YES;
				CLANG_ENABLE_OBJC_ARC = YES;
				CLANG_ENABLE_OBJC_WEAK = YES;
				CLANG_WARN_BLOCK_CAPTURE_AUTORELEASING = YES;
				CLANG_WARN_BOOL_CONVERSION = YES;
				CLANG_WARN_COMMA = YES;
				CLANG_WARN_CONSTANT_CONVERSION = YES;
				CLANG_WARN_DEPRECATED_OBJC_IMPLEMENTATIONS = YES;
				CLANG_WARN_DIRECT_OBJC_ISA_USAGE = YES_ERROR;
				CLANG_WARN_DOCUMENTATION_COMMENTS = YES;
				CLANG_WARN_EMPTY_BODY = YES;
				CLANG_WARN_ENUM_CONVERSION = YES;
				CLANG_WARN_INFINITE_RECURSION = YES;
				CLANG_WARN_INT_CONVERSION = YES;
				CLANG_WARN_NON_LITERAL_NULL_CONVERSION = YES;
				CLANG_WARN_OBJC_IMPLICIT_RETAIN_SELF = YES;
				CLANG_WARN_OBJC_LITERAL_CONVERSION = YES;
				CLANG_WARN_OBJC_ROOT_CLASS = YES_ERROR;
				CLANG_WARN_RANGE_LOOP_ANALYSIS = YES;
				CLANG_WARN_STRICT_PROTOTYPES = YES;
				CLANG_WARN_SUSPICIOUS_MOVE = YES;
				CLANG_WARN_UNGUARDED_AVAILABILITY = YES_AGGRESSIVE;
				CLANG_WARN_UNREACHABLE_CODE = YES;
				CLANG_WARN__DUPLICATE_METHOD_MATCH = YES;
				CODE_SIGN_IDENTITY = "iPhone Developer";
				COPY_PHASE_STRIP = NO;
				DEBUG_INFORMATION_FORMAT = "dwarf-with-dsym";
				ENABLE_NS_ASSERTIONS = NO;
				ENABLE_STRICT_OBJC_MSGSEND = YES;
				GCC_C_LANGUAGE_STANDARD = gnu11;
				GCC_NO_COMMON_BLOCKS = YES;
				GCC_WARN_64_TO_32_BIT_CONVERSION = YES;
				GCC_WARN_ABOUT_RETURN_TYPE = YES_ERROR;
				GCC_WARN_UNDECLARED_SELECTOR = YES;
				GCC_WARN_UNINITIALIZED_AUTOS = YES_AGGRESSIVE;
				GCC_WARN_UNUSED_FUNCTION = YES;
				GCC_WARN_UNUSED_VARIABLE = YES;
				IPHONEOS_DEPLOYMENT_TARGET = 12.2;
				MTL_ENABLE_DEBUG_INFO = NO;
				MTL_FAST_MATH = YES;
				SDKROOT = iphoneos;
				SWIFT_COMPILATION_MODE = wholemodule;
				SWIFT_OPTIMIZATION_LEVEL = "-O";
				VALIDATE_PRODUCT = YES;
			};
			name = Release;
		};
		68565C26229C2306000C481C /* Debug */ = {
			isa = XCBuildConfiguration;
			baseConfigurationReference = D7CEA4A25C438FC18D87474C /* Pods-Template.debug.xcconfig */;
			buildSettings = {
				ASSETCATALOG_COMPILER_APPICON_NAME = AppIcon;
				CLANG_ENABLE_MODULES = YES;
				CODE_SIGN_STYLE = Automatic;
				DEVELOPMENT_TEAM = U7J257E57V;
				INFOPLIST_FILE = "$(SRCROOT)/Template/Supporting Files/Info.plist";
				LD_RUNPATH_SEARCH_PATHS = (
					"$(inherited)",
					"@executable_path/Frameworks",
				);
				PRODUCT_BUNDLE_IDENTIFIER = co.au.Template;
				PRODUCT_NAME = "$(TARGET_NAME)";
				SWIFT_OBJC_BRIDGING_HEADER = "Template/Common/Local/FMDB/FMDB-Bridging-Header.h";
				SWIFT_OPTIMIZATION_LEVEL = "-Onone";
				SWIFT_VERSION = 5.0;
				TARGETED_DEVICE_FAMILY = "1,2";
			};
			name = Debug;
		};
		68565C27229C2306000C481C /* Release */ = {
			isa = XCBuildConfiguration;
			baseConfigurationReference = ECA600BAE326E4C295C2980F /* Pods-Template.release.xcconfig */;
			buildSettings = {
				ASSETCATALOG_COMPILER_APPICON_NAME = AppIcon;
				CLANG_ENABLE_MODULES = YES;
				CODE_SIGN_STYLE = Automatic;
				DEVELOPMENT_TEAM = U7J257E57V;
				INFOPLIST_FILE = "$(SRCROOT)/Template/Supporting Files/Info.plist";
				LD_RUNPATH_SEARCH_PATHS = (
					"$(inherited)",
					"@executable_path/Frameworks",
				);
				PRODUCT_BUNDLE_IDENTIFIER = co.au.Template;
				PRODUCT_NAME = "$(TARGET_NAME)";
				SWIFT_OBJC_BRIDGING_HEADER = "Template/Common/Local/FMDB/FMDB-Bridging-Header.h";
				SWIFT_VERSION = 5.0;
				TARGETED_DEVICE_FAMILY = "1,2";
			};
			name = Release;
		};
/* End XCBuildConfiguration section */

/* Begin XCConfigurationList section */
		68565C0E229C2303000C481C /* Build configuration list for PBXProject "Template" */ = {
			isa = XCConfigurationList;
			buildConfigurations = (
				68565C23229C2306000C481C /* Debug */,
				68565C24229C2306000C481C /* Release */,
			);
			defaultConfigurationIsVisible = 0;
			defaultConfigurationName = Release;
		};
		68565C25229C2306000C481C /* Build configuration list for PBXNativeTarget "Template" */ = {
			isa = XCConfigurationList;
			buildConfigurations = (
				68565C26229C2306000C481C /* Debug */,
				68565C27229C2306000C481C /* Release */,
			);
			defaultConfigurationIsVisible = 0;
			defaultConfigurationName = Release;
		};
/* End XCConfigurationList section */
	};
	rootObject = 68565C0B229C2303000C481C /* Project object */;
}
